
Microsoft Visual Studio Solution File, Format Version 12.00
# Visual Studio Version 17
VisualStudioVersion = 17.8.34112.27
MinimumVisualStudioVersion = 10.0.40219.1
Project("{8BC9CEB8-8B4A-11D0-8D11-00A0C91BC942}") = "2023926", "2023926\2023926.vcxproj", "{38EC2BD9-B329-4C9B-87C0-814513D58ABF}"
EndProject
Global
	GlobalSection(SolutionConfigurationPlatforms) = preSolution
		Debug|x64 = Debug|x64
		Debug|x86 = Debug|x86
		Release|x64 = Release|x64
		Release|x86 = Release|x86
	EndGlobalSection
	GlobalSection(ProjectConfigurationPlatforms) = postSolution
		{38EC2BD9-B329-4C9B-87C0-814513D58ABF}.Debug|x64.ActiveCfg = Debug|x64
		{38EC2BD9-B329-4C9B-87C0-814513D58ABF}.Debug|x64.Build.0 = Debug|x64
		{38EC2BD9-B329-4C9B-87C0-814513D58ABF}.Debug|x86.ActiveCfg = Debug|Win32
		{38EC2BD9-B329-4C9B-87C0-814513D58ABF}.Debug|x86.Build.0 = Debug|Win32
		{38EC2BD9-B329-4C9B-87C0-814513D58ABF}.Release|x64.ActiveCfg = Release|x64
		{38EC2BD9-B329-4C9B-87C0-814513D58ABF}.Release|x64.Build.0 = Release|x64
		{38EC2BD9-B329-4C9B-87C0-814513D58ABF}.Release|x86.ActiveCfg = Release|Win32
		{38EC2BD9-B329-4C9B-87C0-814513D58ABF}.Release|x86.Build.0 = Release|Win32
	EndGlobalSection
	GlobalSection(SolutionProperties) = preSolution
		HideSolutionNode = FALSE
	EndGlobalSection
	GlobalSection(ExtensibilityGlobals) = postSolution
		SolutionGuid = {8B6B6D08-2F3D-4CF1-BB87-C40F6AC7A2DB}
	EndGlobalSection
EndGlobal
